
Microsoft Visual Studio Solution File, Format Version 12.00
# Visual Studio Version 17
VisualStudioVersion = 17.7.34031.279
MinimumVisualStudioVersion = 10.0.40219.1
Project("{FAE04EC0-301F-11D3-BF4B-00C04F79EFBC}") = "Tic_Tac_Toe", "Tic_Tac_Toe\Tic_Tac_Toe.csproj", "{780E7120-5C3E-466B-8329-7977678D59FB}"
EndProject
Global
	GlobalSection(SolutionConfigurationPlatforms) = preSolution
		Debug|Any CPU = Debug|Any CPU
		Release|Any CPU = Release|Any CPU
	EndGlobalSection
	GlobalSection(ProjectConfigurationPlatforms) = postSolution
		{780E7120-5C3E-466B-8329-7977678D59FB}.Debug|Any CPU.ActiveCfg = Debug|Any CPU
		{780E7120-5C3E-466B-8329-7977678D59FB}.Debug|Any CPU.Build.0 = Debug|Any CPU
		{780E7120-5C3E-466B-8329-7977678D59FB}.Release|Any CPU.ActiveCfg = Release|Any CPU
		{780E7120-5C3E-466B-8329-7977678D59FB}.Release|Any CPU.Build.0 = Release|Any CPU
	EndGlobalSection
	GlobalSection(SolutionProperties) = preSolution
		HideSolutionNode = FALSE
	EndGlobalSection
	GlobalSection(ExtensibilityGlobals) = postSolution
		SolutionGuid = {C22D8D4F-8F0A-4D91-AD16-27BE27DAB730}
	EndGlobalSection
EndGlobal
